{
  "requires": true,
  "lockfileVersion": 1,
  "dependencies": {
    "audio-mixer": {
      "version": "2.1.4",
      "resolved": "https://registry.npmjs.org/audio-mixer/-/audio-mixer-2.1.4.tgz",
      "integrity": "sha512-dASZNUDmv4sfeICWUhBKExiNt2JeebNfCX1kzXvsA0eLdcEkV8zNTdM3wBklbaK8Ky7AQxRRT91oTB6IV8HVNw==",
      "requires": {
        "underscore": "1.13.1"
      }
    },
    "underscore": {
      "version": "1.13.1",
      "resolved": "https://registry.npmjs.org/underscore/-/underscore-1.13.1.tgz",
      "integrity": "sha512-hzSoAVtJF+3ZtiFX0VgfFPHEDRm7Y/QPjGyNo4TVdnDTdft3tr8hEkD25a1jC+TjTuE7tkHGKkhwCgs9dgBB2g=="
    }
  }
}
