{
  "name": "webrtc-client",
  "version": "1.0.0",
  "lockfileVersion": 2,
  "requires": true,
  "packages": {
    "": {
      "name": "webrtc-client",
      "version": "1.0.0",
      "license": "ISC",
      "dependencies": {
        "flag-icons": "^7.0.3"
      }
    },
    "node_modules/flag-icons": {
      "version": "7.0.3",
      "resolved": "https://registry.npmjs.org/flag-icons/-/flag-icons-7.0.3.tgz",
      "integrity": "sha512-OHGGxgSmKLE/pDH1keA13jzkmQY3bh9P+2n+wjkEfFBN8BKzMgduSKDknqAB2xr1SxvImj5SvYYlh+PHwxXAjQ=="
    }
  },
  "dependencies": {
    "flag-icons": {
      "version": "7.0.3",
      "resolved": "https://registry.npmjs.org/flag-icons/-/flag-icons-7.0.3.tgz",
      "integrity": "sha512-OHGGxgSmKLE/pDH1keA13jzkmQY3bh9P+2n+wjkEfFBN8BKzMgduSKDknqAB2xr1SxvImj5SvYYlh+PHwxXAjQ=="
    }
  }
}
